PODS:
  - PurchasesHybridCommon (13.29.1):
    - RevenueCat (= 5.22.2)
  - RevenueCat (5.22.2)
  - RevenueCatUI (5.22.2):
    - RevenueCat (= 5.22.2)

DEPENDENCIES:
  - PurchasesHybridCommon (= 13.29.1)
  - RevenueCat (= 5.22.2)
  - RevenueCatUI (= 5.22.2)

SPEC REPOS:
  trunk:
    - PurchasesHybridCommon
    - RevenueCat
    - RevenueCatUI

SPEC CHECKSUMS:
  PurchasesHybridCommon: 1728ff834821ecfc85e987a565d51eda36213958
  RevenueCat: 234d2361e453ce1282cee7e18449d01aba45ebbf
  RevenueCatUI: 24f46287ce3185fc9816f0128c09342ab1c76d66

PODFILE CHECKSUM: 4e14d4b3f9034393e184b504065a19ee2ded38d8

COCOAPODS: 1.16.2
